
Microsoft Visual Studio Solution File, Format Version 12.00
# Visual Studio Version 16
VisualStudioVersion = 16.0.30503.244
MinimumVisualStudioVersion = 10.0.40219.1
Project("{FAE04EC0-301F-11D3-BF4B-00C04F79EFBC}") = "my project 2", "my project 2\my project 2.csproj", "{7626BBCE-E5A8-4CA4-8ABC-5E412878FFA5}"
EndProject
Project("{FAE04EC0-301F-11D3-BF4B-00C04F79EFBC}") = "project 3", "project 3\project 3.csproj", "{AAEAEC0D-7CFA-406C-85E3-E553705BEAFE}"
EndProject
Project("{FAE04EC0-301F-11D3-BF4B-00C04F79EFBC}") = "Biggest Numb", "Biggest Numb\Biggest Numb.csproj", "{4D2AB063-682A-447D-85AF-87DC1B3ED0F3}"
EndProject
Global
	GlobalSection(SolutionConfigurationPlatforms) = preSolution
		Debug|Any CPU = Debug|Any CPU
		Release|Any CPU = Release|Any CPU
	EndGlobalSection
	GlobalSection(ProjectConfigurationPlatforms) = postSolution
		{7626BBCE-E5A8-4CA4-8ABC-5E412878FFA5}.Debug|Any CPU.ActiveCfg = Debug|Any CPU
		{7626BBCE-E5A8-4CA4-8ABC-5E412878FFA5}.Debug|Any CPU.Build.0 = Debug|Any CPU
		{7626BBCE-E5A8-4CA4-8ABC-5E412878FFA5}.Release|Any CPU.ActiveCfg = Release|Any CPU
		{7626BBCE-E5A8-4CA4-8ABC-5E412878FFA5}.Release|Any CPU.Build.0 = Release|Any CPU
		{AAEAEC0D-7CFA-406C-85E3-E553705BEAFE}.Debug|Any CPU.ActiveCfg = Debug|Any CPU
		{AAEAEC0D-7CFA-406C-85E3-E553705BEAFE}.Debug|Any CPU.Build.0 = Debug|Any CPU
		{AAEAEC0D-7CFA-406C-85E3-E553705BEAFE}.Release|Any CPU.ActiveCfg = Release|Any CPU
		{AAEAEC0D-7CFA-406C-85E3-E553705BEAFE}.Release|Any CPU.Build.0 = Release|Any CPU
		{4D2AB063-682A-447D-85AF-87DC1B3ED0F3}.Debug|Any CPU.ActiveCfg = Debug|Any CPU
		{4D2AB063-682A-447D-85AF-87DC1B3ED0F3}.Debug|Any CPU.Build.0 = Debug|Any CPU
		{4D2AB063-682A-447D-85AF-87DC1B3ED0F3}.Release|Any CPU.ActiveCfg = Release|Any CPU
		{4D2AB063-682A-447D-85AF-87DC1B3ED0F3}.Release|Any CPU.Build.0 = Release|Any CPU
	EndGlobalSection
	GlobalSection(SolutionProperties) = preSolution
		HideSolutionNode = FALSE
	EndGlobalSection
	GlobalSection(ExtensibilityGlobals) = postSolution
		SolutionGuid = {8DD33687-2D2B-46B3-831F-857F49568773}
	EndGlobalSection
EndGlobal
