
Microsoft Visual Studio Solution File, Format Version 12.00
# Visual Studio Version 16
VisualStudioVersion = 16.0.30503.244
MinimumVisualStudioVersion = 10.0.40219.1
Project("{FAE04EC0-301F-11D3-BF4B-00C04F79EFBC}") = "switch_case", "switch_case\switch_case.csproj", "{19D510AC-25CD-4D7C-B337-F9E9659EC519}"
EndProject
Global
	GlobalSection(SolutionConfigurationPlatforms) = preSolution
		Debug|Any CPU = Debug|Any CPU
		Release|Any CPU = Release|Any CPU
	EndGlobalSection
	GlobalSection(ProjectConfigurationPlatforms) = postSolution
		{19D510AC-25CD-4D7C-B337-F9E9659EC519}.Debug|Any CPU.ActiveCfg = Debug|Any CPU
		{19D510AC-25CD-4D7C-B337-F9E9659EC519}.Debug|Any CPU.Build.0 = Debug|Any CPU
		{19D510AC-25CD-4D7C-B337-F9E9659EC519}.Release|Any CPU.ActiveCfg = Release|Any CPU
		{19D510AC-25CD-4D7C-B337-F9E9659EC519}.Release|Any CPU.Build.0 = Release|Any CPU
	EndGlobalSection
	GlobalSection(SolutionProperties) = preSolution
		HideSolutionNode = FALSE
	EndGlobalSection
	GlobalSection(ExtensibilityGlobals) = postSolution
		SolutionGuid = {10A2114E-5BC7-4FFC-9B12-802B6F1503BD}
	EndGlobalSection
EndGlobal
